// !$*UTF8*$!
{
	archiveVersion = 1;
	classes = {
	};
	objectVersion = 50;
	objects = {

/* Begin PBXBuildFile section */
		6AFDEEBBE2E57BCCFE3E0A71 /* Pods_BEER.framework in Frameworks */ = {isa = PBXBuildFile; fileRef = A528E06438DCE79F82885F7F /* Pods_BEER.framework */; };
		75F34760219F9BE90032CA10 /* AppDelegate.swift in Sources */ = {isa = PBXBuildFile; fileRef = 75F3475F219F9BE90032CA10 /* AppDelegate.swift */; };
		75F34762219F9BE90032CA10 /* ViewController.swift in Sources */ = {isa = PBXBuildFile; fileRef = 75F34761219F9BE90032CA10 /* ViewController.swift */; };
		75F34765219F9BE90032CA10 /* Main.storyboard in Resources */ = {isa = PBXBuildFile; fileRef = 75F34763219F9BE90032CA10 /* Main.storyboard */; };
		75F34767219F9BEA0032CA10 /* Assets.xcassets in Resources */ = {isa = PBXBuildFile; fileRef = 75F34766219F9BEA0032CA10 /* Assets.xcassets */; };
		75F3476A219F9BEA0032CA10 /* LaunchScreen.storyboard in Resources */ = {isa = PBXBuildFile; fileRef = 75F34768219F9BEA0032CA10 /* LaunchScreen.storyboard */; };
		75F34774219FA99C0032CA10 /* BeerVO.swift in Sources */ = {isa = PBXBuildFile; fileRef = 75F34773219FA99C0032CA10 /* BeerVO.swift */; };
		75F34776219FAC6A0032CA10 /* MaltVO.swift in Sources */ = {isa = PBXBuildFile; fileRef = 75F34775219FAC6A0032CA10 /* MaltVO.swift */; };
		75F34778219FACBD0032CA10 /* AmountVO.swift in Sources */ = {isa = PBXBuildFile; fileRef = 75F34777219FACBD0032CA10 /* AmountVO.swift */; };
		75F3477A219FAF020032CA10 /* HopVO.swift in Sources */ = {isa = PBXBuildFile; fileRef = 75F34779219FAF020032CA10 /* HopVO.swift */; };
		75F3477C219FAFB70032CA10 /* IngredientVO.swift in Sources */ = {isa = PBXBuildFile; fileRef = 75F3477B219FAFB70032CA10 /* IngredientVO.swift */; };
		75F34781219FB4390032CA10 /* BeerCollectionViewCell.swift in Sources */ = {isa = PBXBuildFile; fileRef = 75F3477F219FB4390032CA10 /* BeerCollectionViewCell.swift */; };
		75F34782219FB4390032CA10 /* BeerCollectionViewCell.xib in Resources */ = {isa = PBXBuildFile; fileRef = 75F34780219FB4390032CA10 /* BeerCollectionViewCell.xib */; };
		75F34784219FB8E20032CA10 /* CellRegsiterUtil.swift in Sources */ = {isa = PBXBuildFile; fileRef = 75F34783219FB8E20032CA10 /* CellRegsiterUtil.swift */; };
		75F3478F21A083680032CA10 /* BeerDetailViewController.swift in Sources */ = {isa = PBXBuildFile; fileRef = 75F3478E21A083680032CA10 /* BeerDetailViewController.swift */; };
		75F3479921A105BB0032CA10 /* ImageViewController.swift in Sources */ = {isa = PBXBuildFile; fileRef = 75F3479821A105BB0032CA10 /* ImageViewController.swift */; };
/* End PBXBuildFile section */

/* Begin PBXFileReference section */
		0E94E1DBCE9D5572BE149755 /* Pods-BEER.release.xcconfig */ = {isa = PBXFileReference; includeInIndex = 1; lastKnownFileType = text.xcconfig; name = "Pods-BEER.release.xcconfig"; path = "Pods/Target Support Files/Pods-BEER/Pods-BEER.release.xcconfig"; sourceTree = "<group>"; };
		75F3475C219F9BE90032CA10 /* BEER.app */ = {isa = PBXFileReference; explicitFileType = wrapper.application; includeInIndex = 0; path = BEER.app; sourceTree = BUILT_PRODUCTS_DIR; };
		75F3475F219F9BE90032CA10 /* AppDelegate.swift */ = {isa = PBXFileReference; lastKnownFileType = sourcecode.swift; path = AppDelegate.swift; sourceTree = "<group>"; };
		75F34761219F9BE90032CA10 /* ViewController.swift */ = {isa = PBXFileReference; lastKnownFileType = sourcecode.swift; path = ViewController.swift; sourceTree = "<group>"; };
		75F34764219F9BE90032CA10 /* Base */ = {isa = PBXFileReference; lastKnownFileType = file.storyboard; name = Base; path = Base.lproj/Main.storyboard; sourceTree = "<group>"; };
		75F34766219F9BEA0032CA10 /* Assets.xcassets */ = {isa = PBXFileReference; lastKnownFileType = folder.assetcatalog; path = Assets.xcassets; sourceTree = "<group>"; };
		75F34769219F9BEA0032CA10 /* Base */ = {isa = PBXFileReference; lastKnownFileType = file.storyboard; name = Base; path = Base.lproj/LaunchScreen.storyboard; sourceTree = "<group>"; };
		75F3476B219F9BEA0032CA10 /* Info.plist */ = {isa = PBXFileReference; lastKnownFileType = text.plist.xml; path = Info.plist; sourceTree = "<group>"; };
		75F34773219FA99C0032CA10 /* BeerVO.swift */ = {isa = PBXFileReference; lastKnownFileType = sourcecode.swift; path = BeerVO.swift; sourceTree = "<group>"; };
		75F34775219FAC6A0032CA10 /* MaltVO.swift */ = {isa = PBXFileReference; lastKnownFileType = sourcecode.swift; path = MaltVO.swift; sourceTree = "<group>"; };
		75F34777219FACBD0032CA10 /* AmountVO.swift */ = {isa = PBXFileReference; lastKnownFileType = sourcecode.swift; path = AmountVO.swift; sourceTree = "<group>"; };
		75F34779219FAF020032CA10 /* HopVO.swift */ = {isa = PBXFileReference; lastKnownFileType = sourcecode.swift; path = HopVO.swift; sourceTree = "<group>"; };
		75F3477B219FAFB70032CA10 /* IngredientVO.swift */ = {isa = PBXFileReference; lastKnownFileType = sourcecode.swift; path = IngredientVO.swift; sourceTree = "<group>"; };
		75F3477F219FB4390032CA10 /* BeerCollectionViewCell.swift */ = {isa = PBXFileReference; lastKnownFileType = sourcecode.swift; path = BeerCollectionViewCell.swift; sourceTree = "<group>"; };
		75F34780219FB4390032CA10 /* BeerCollectionViewCell.xib */ = {isa = PBXFileReference; lastKnownFileType = file.xib; path = BeerCollectionViewCell.xib; sourceTree = "<group>"; };
		75F34783219FB8E20032CA10 /* CellRegsiterUtil.swift */ = {isa = PBXFileReference; lastKnownFileType = sourcecode.swift; path = CellRegsiterUtil.swift; sourceTree = "<group>"; };
		75F3478E21A083680032CA10 /* BeerDetailViewController.swift */ = {isa = PBXFileReference; lastKnownFileType = sourcecode.swift; path = BeerDetailViewController.swift; sourceTree = "<group>"; };
		75F3479821A105BB0032CA10 /* ImageViewController.swift */ = {isa = PBXFileReference; lastKnownFileType = sourcecode.swift; path = ImageViewController.swift; sourceTree = "<group>"; };
		857CE4E6AAC935E060BD5B94 /* Pods-BEER.debug.xcconfig */ = {isa = PBXFileReference; includeInIndex = 1; lastKnownFileType = text.xcconfig; name = "Pods-BEER.debug.xcconfig"; path = "Pods/Target Support Files/Pods-BEER/Pods-BEER.debug.xcconfig"; sourceTree = "<group>"; };
		A528E06438DCE79F82885F7F /* Pods_BEER.framework */ = {isa = PBXFileReference; explicitFileType = wrapper.framework; includeInIndex = 0; path = Pods_BEER.framework; sourceTree = BUILT_PRODUCTS_DIR; };
/* End PBXFileReference section */

/* Begin PBXFrameworksBuildPhase section */
		75F34759219F9BE90032CA10 /* Frameworks */ = {
			isa = PBXFrameworksBuildPhase;
			buildActionMask = 2147483647;
			files = (
				6AFDEEBBE2E57BCCFE3E0A71 /* Pods_BEER.framework in Frameworks */,
			);
			runOnlyForDeploymentPostprocessing = 0;
		};
/* End PBXFrameworksBuildPhase section */

/* Begin PBXGroup section */
		75F34753219F9BE90032CA10 = {
			isa = PBXGroup;
			children = (
				75F3475E219F9BE90032CA10 /* BEER */,
				75F3475D219F9BE90032CA10 /* Products */,
				B44AD595FC0E32AA81A3FBEF /* Pods */,
				FBEF4291F8A0249A3F30AE18 /* Frameworks */,
			);
			sourceTree = "<group>";
		};
		75F3475D219F9BE90032CA10 /* Products */ = {
			isa = PBXGroup;
			children = (
				75F3475C219F9BE90032CA10 /* BEER.app */,
			);
			name = Products;
			sourceTree = "<group>";
		};
		75F3475E219F9BE90032CA10 /* BEER */ = {
			isa = PBXGroup;
			children = (
				75F3478921A082F30032CA10 /* viewcontrollers */,
				75F3477E219FB41A0032CA10 /* viewcells */,
				75F34772219FA97F0032CA10 /* vos */,
				75F3475F219F9BE90032CA10 /* AppDelegate.swift */,
				75F34763219F9BE90032CA10 /* Main.storyboard */,
				75F34766219F9BEA0032CA10 /* Assets.xcassets */,
				75F34768219F9BEA0032CA10 /* LaunchScreen.storyboard */,
				75F3476B219F9BEA0032CA10 /* Info.plist */,
				75F34783219FB8E20032CA10 /* CellRegsiterUtil.swift */,
			);
			path = BEER;
			sourceTree = "<group>";
		};
		75F34772219FA97F0032CA10 /* vos */ = {
			isa = PBXGroup;
			children = (
				75F34773219FA99C0032CA10 /* BeerVO.swift */,
				75F34775219FAC6A0032CA10 /* MaltVO.swift */,
				75F34777219FACBD0032CA10 /* AmountVO.swift */,
				75F34779219FAF020032CA10 /* HopVO.swift */,
				75F3477B219FAFB70032CA10 /* IngredientVO.swift */,
			);
			name = vos;
			path = "New Group";
			sourceTree = "<group>";
		};
		75F3477E219FB41A0032CA10 /* viewcells */ = {
			isa = PBXGroup;
			children = (
				75F3477F219FB4390032CA10 /* BeerCollectionViewCell.swift */,
				75F34780219FB4390032CA10 /* BeerCollectionViewCell.xib */,
			);
			path = viewcells;
			sourceTree = "<group>";
		};
		75F3478921A082F30032CA10 /* viewcontrollers */ = {
			isa = PBXGroup;
			children = (
				75F34761219F9BE90032CA10 /* ViewController.swift */,
				75F3478E21A083680032CA10 /* BeerDetailViewController.swift */,
				75F3479821A105BB0032CA10 /* ImageViewController.swift */,
			);
			path = viewcontrollers;
			sourceTree = "<group>";
		};
		B44AD595FC0E32AA81A3FBEF /* Pods */ = {
			isa = PBXGroup;
			children = (
				857CE4E6AAC935E060BD5B94 /* Pods-BEER.debug.xcconfig */,
				0E94E1DBCE9D5572BE149755 /* Pods-BEER.release.xcconfig */,
			);
			name = Pods;
			sourceTree = "<group>";
		};
		FBEF4291F8A0249A3F30AE18 /* Frameworks */ = {
			isa = PBXGroup;
			children = (
				A528E06438DCE79F82885F7F /* Pods_BEER.framework */,
			);
			name = Frameworks;
			sourceTree = "<group>";
		};
/* End PBXGroup section */

/* Begin PBXNativeTarget section */
		75F3475B219F9BE90032CA10 /* BEER */ = {
			isa = PBXNativeTarget;
			buildConfigurationList = 75F3476E219F9BEA0032CA10 /* Build configuration list for PBXNativeTarget "BEER" */;
			buildPhases = (
				2ADA4625A78497702735AE8B /* [CP] Check Pods Manifest.lock */,
				75F34758219F9BE90032CA10 /* Sources */,
				75F34759219F9BE90032CA10 /* Frameworks */,
				75F3475A219F9BE90032CA10 /* Resources */,
				1C6B3821235FA255015BCEF9 /* [CP] Embed Pods Frameworks */,
			);
			buildRules = (
			);
			dependencies = (
			);
			name = BEER;
			productName = BEER;
			productReference = 75F3475C219F9BE90032CA10 /* BEER.app */;
			productType = "com.apple.product-type.application";
		};
/* End PBXNativeTarget section */

/* Begin PBXProject section */
		75F34754219F9BE90032CA10 /* Project object */ = {
			isa = PBXProject;
			attributes = {
				LastSwiftUpdateCheck = 1000;
				LastUpgradeCheck = 1000;
				ORGANIZATIONNAME = PADC;
				TargetAttributes = {
					75F3475B219F9BE90032CA10 = {
						CreatedOnToolsVersion = 10.0;
					};
				};
			};
			buildConfigurationList = 75F34757219F9BE90032CA10 /* Build configuration list for PBXProject "BEER" */;
			compatibilityVersion = "Xcode 9.3";
			developmentRegion = en;
			hasScannedForEncodings = 0;
			knownRegions = (
				en,
				Base,
			);
			mainGroup = 75F34753219F9BE90032CA10;
			productRefGroup = 75F3475D219F9BE90032CA10 /* Products */;
			projectDirPath = "";
			projectRoot = "";
			targets = (
				75F3475B219F9BE90032CA10 /* BEER */,
			);
		};
/* End PBXProject section */

/* Begin PBXResourcesBuildPhase section */
		75F3475A219F9BE90032CA10 /* Resources */ = {
			isa = PBXResourcesBuildPhase;
			buildActionMask = 2147483647;
			files = (
				75F34782219FB4390032CA10 /* BeerCollectionViewCell.xib in Resources */,
				75F3476A219F9BEA0032CA10 /* LaunchScreen.storyboard in Resources */,
				75F34767219F9BEA0032CA10 /* Assets.xcassets in Resources */,
				75F34765219F9BE90032CA10 /* Main.storyboard in Resources */,
			);
			runOnlyForDeploymentPostprocessing = 0;
		};
/* End PBXResourcesBuildPhase section */

/* Begin PBXShellScriptBuildPhase section */
		1C6B3821235FA255015BCEF9 /* [CP] Embed Pods Frameworks */ = {
			isa = PBXShellScriptBuildPhase;
			buildActionMask = 2147483647;
			files = (
			);
			inputFileListPaths = (
			);
			inputPaths = (
				"${SRCROOT}/Pods/Target Support Files/Pods-BEER/Pods-BEER-frameworks.sh",
				"${BUILT_PRODUCTS_DIR}/Alamofire/Alamofire.framework",
				"${BUILT_PRODUCTS_DIR}/SDWebImage/SDWebImage.framework",
				"${BUILT_PRODUCTS_DIR}/SwiftyJSON/SwiftyJSON.framework",
			);
			name = "[CP] Embed Pods Frameworks";
			outputFileListPaths = (
			);
			outputPaths = (
				"${TARGET_BUILD_DIR}/${FRAMEWORKS_FOLDER_PATH}/Alamofire.framework",
				"${TARGET_BUILD_DIR}/${FRAMEWORKS_FOLDER_PATH}/SDWebImage.framework",
				"${TARGET_BUILD_DIR}/${FRAMEWORKS_FOLDER_PATH}/SwiftyJSON.framework",
			);
			runOnlyForDeploymentPostprocessing = 0;
			shellPath = /bin/sh;
			shellScript = "\"${SRCROOT}/Pods/Target Support Files/Pods-BEER/Pods-BEER-frameworks.sh\"\n";
			showEnvVarsInLog = 0;
		};
		2ADA4625A78497702735AE8B /* [CP] Check Pods Manifest.lock */ = {
			isa = PBXShellScriptBuildPhase;
			buildActionMask = 2147483647;
			files = (
			);
			inputFileListPaths = (
			);
			inputPaths = (
				"${PODS_PODFILE_DIR_PATH}/Podfile.lock",
				"${PODS_ROOT}/Manifest.lock",
			);
			name = "[CP] Check Pods Manifest.lock";
			outputFileListPaths = (
			);
			outputPaths = (
				"$(DERIVED_FILE_DIR)/Pods-BEER-checkManifestLockResult.txt",
			);
			runOnlyForDeploymentPostprocessing = 0;
			shellPath = /bin/sh;
			shellScript = "diff \"${PODS_PODFILE_DIR_PATH}/Podfile.lock\" \"${PODS_ROOT}/Manifest.lock\" > /dev/null\nif [ $? != 0 ] ; then\n    # print error to STDERR\n    echo \"error: The sandbox is not in sync with the Podfile.lock. Run 'pod install' or update your CocoaPods installation.\" >&2\n    exit 1\nfi\n# This output is used by Xcode 'outputs' to avoid re-running this script phase.\necho \"SUCCESS\" > \"${SCRIPT_OUTPUT_FILE_0}\"\n";
			showEnvVarsInLog = 0;
		};
/* End PBXShellScriptBuildPhase section */

/* Begin PBXSourcesBuildPhase section */
		75F34758219F9BE90032CA10 /* Sources */ = {
			isa = PBXSourcesBuildPhase;
			buildActionMask = 2147483647;
			files = (
				75F34774219FA99C0032CA10 /* BeerVO.swift in Sources */,
				75F34762219F9BE90032CA10 /* ViewController.swift in Sources */,
				75F34778219FACBD0032CA10 /* AmountVO.swift in Sources */,
				75F34776219FAC6A0032CA10 /* MaltVO.swift in Sources */,
				75F34781219FB4390032CA10 /* BeerCollectionViewCell.swift in Sources */,
				75F3477A219FAF020032CA10 /* HopVO.swift in Sources */,
				75F34784219FB8E20032CA10 /* CellRegsiterUtil.swift in Sources */,
				75F34760219F9BE90032CA10 /* AppDelegate.swift in Sources */,
				75F3477C219FAFB70032CA10 /* IngredientVO.swift in Sources */,
				75F3479921A105BB0032CA10 /* ImageViewController.swift in Sources */,
				75F3478F21A083680032CA10 /* BeerDetailViewController.swift in Sources */,
			);
			runOnlyForDeploymentPostprocessing = 0;
		};
/* End PBXSourcesBuildPhase section */

/* Begin PBXVariantGroup section */
		75F34763219F9BE90032CA10 /* Main.storyboard */ = {
			isa = PBXVariantGroup;
			children = (
				75F34764219F9BE90032CA10 /* Base */,
			);
			name = Main.storyboard;
			sourceTree = "<group>";
		};
		75F34768219F9BEA0032CA10 /* LaunchScreen.storyboard */ = {
			isa = PBXVariantGroup;
			children = (
				75F34769219F9BEA0032CA10 /* Base */,
			);
			name = LaunchScreen.storyboard;
			sourceTree = "<group>";
		};
/* End PBXVariantGroup section */

/* Begin XCBuildConfiguration section */
		75F3476C219F9BEA0032CA10 /* Debug */ = {
			isa = XCBuildConfiguration;
			buildSettings = {
				ALWAYS_SEARCH_USER_PATHS = NO;
				CLANG_ANALYZER_NONNULL = YES;
				CLANG_ANALYZER_NUMBER_OBJECT_CONVERSION = YES_AGGRESSIVE;
				CLANG_CXX_LANGUAGE_STANDARD = "gnu++14";
				CLANG_CXX_LIBRARY = "libc++";
				CLANG_ENABLE_MODULES = YES;
				CLANG_ENABLE_OBJC_ARC = YES;
				CLANG_ENABLE_OBJC_WEAK = YES;
				CLANG_WARN_BLOCK_CAPTURE_AUTORELEASING = YES;
				CLANG_WARN_BOOL_CONVERSION = YES;
				CLANG_WARN_COMMA = YES;
				CLANG_WARN_CONSTANT_CONVERSION = YES;
				CLANG_WARN_DEPRECATED_OBJC_IMPLEMENTATIONS = YES;
				CLANG_WARN_DIRECT_OBJC_ISA_USAGE = YES_ERROR;
				CLANG_WARN_DOCUMENTATION_COMMENTS = YES;
				CLANG_WARN_EMPTY_BODY = YES;
				CLANG_WARN_ENUM_CONVERSION = YES;
				CLANG_WARN_INFINITE_RECURSION = YES;
				CLANG_WARN_INT_CONVERSION = YES;
				CLANG_WARN_NON_LITERAL_NULL_CONVERSION = YES;
				CLANG_WARN_OBJC_IMPLICIT_RETAIN_SELF = YES;
				CLANG_WARN_OBJC_LITERAL_CONVERSION = YES;
				CLANG_WARN_OBJC_ROOT_CLASS = YES_ERROR;
				CLANG_WARN_RANGE_LOOP_ANALYSIS = YES;
				CLANG_WARN_STRICT_PROTOTYPES = YES;
				CLANG_WARN_SUSPICIOUS_MOVE = YES;
				CLANG_WARN_UNGUARDED_AVAILABILITY = YES_AGGRESSIVE;
				CLANG_WARN_UNREACHABLE_CODE = YES;
				CLANG_WARN__DUPLICATE_METHOD_MATCH = YES;
				CODE_SIGN_IDENTITY = "iPhone Developer";
				COPY_PHASE_STRIP = NO;
				DEBUG_INFORMATION_FORMAT = dwarf;
				ENABLE_STRICT_OBJC_MSGSEND = YES;
				ENABLE_TESTABILITY = YES;
				GCC_C_LANGUAGE_STANDARD = gnu11;
				GCC_DYNAMIC_NO_PIC = NO;
				GCC_NO_COMMON_BLOCKS = YES;
				GCC_OPTIMIZATION_LEVEL = 0;
				GCC_PREPROCESSOR_DEFINITIONS = (
					"DEBUG=1",
					"$(inherited)",
				);
				GCC_WARN_64_TO_32_BIT_CONVERSION = YES;
				GCC_WARN_ABOUT_RETURN_TYPE = YES_ERROR;
				GCC_WARN_UNDECLARED_SELECTOR = YES;
				GCC_WARN_UNINITIALIZED_AUTOS = YES_AGGRESSIVE;
				GCC_WARN_UNUSED_FUNCTION = YES;
				GCC_WARN_UNUSED_VARIABLE = YES;
				IPHONEOS_DEPLOYMENT_TARGET = 12.0;
				MTL_ENABLE_DEBUG_INFO = INCLUDE_SOURCE;
				MTL_FAST_MATH = YES;
				ONLY_ACTIVE_ARCH = YES;
				SDKROOT = iphoneos;
				SWIFT_ACTIVE_COMPILATION_CONDITIONS = DEBUG;
				SWIFT_OPTIMIZATION_LEVEL = "-Onone";
			};
			name = Debug;
		};
		75F3476D219F9BEA0032CA10 /* Release */ = {
			isa = XCBuildConfiguration;
			buildSettings = {
				ALWAYS_SEARCH_USER_PATHS = NO;
				CLANG_ANALYZER_NONNULL = YES;
				CLANG_ANALYZER_NUMBER_OBJECT_CONVERSION = YES_AGGRESSIVE;
				CLANG_CXX_LANGUAGE_STANDARD = "gnu++14";
				CLANG_CXX_LIBRARY = "libc++";
				CLANG_ENABLE_MODULES = YES;
				CLANG_ENABLE_OBJC_ARC = YES;
				CLANG_ENABLE_OBJC_WEAK = YES;
				CLANG_WARN_BLOCK_CAPTURE_AUTORELEASING = YES;
				CLANG_WARN_BOOL_CONVERSION = YES;
				CLANG_WARN_COMMA = YES;
				CLANG_WARN_CONSTANT_CONVERSION = YES;
				CLANG_WARN_DEPRECATED_OBJC_IMPLEMENTATIONS = YES;
				CLANG_WARN_DIRECT_OBJC_ISA_USAGE = YES_ERROR;
				CLANG_WARN_DOCUMENTATION_COMMENTS = YES;
				CLANG_WARN_EMPTY_BODY = YES;
				CLANG_WARN_ENUM_CONVERSION = YES;
				CLANG_WARN_INFINITE_RECURSION = YES;
				CLANG_WARN_INT_CONVERSION = YES;
				CLANG_WARN_NON_LITERAL_NULL_CONVERSION = YES;
				CLANG_WARN_OBJC_IMPLICIT_RETAIN_SELF = YES;
				CLANG_WARN_OBJC_LITERAL_CONVERSION = YES;
				CLANG_WARN_OBJC_ROOT_CLASS = YES_ERROR;
				CLANG_WARN_RANGE_LOOP_ANALYSIS = YES;
				CLANG_WARN_STRICT_PROTOTYPES = YES;
				CLANG_WARN_SUSPICIOUS_MOVE = YES;
				CLANG_WARN_UNGUARDED_AVAILABILITY = YES_AGGRESSIVE;
				CLANG_WARN_UNREACHABLE_CODE = YES;
				CLANG_WARN__DUPLICATE_METHOD_MATCH = YES;
				CODE_SIGN_IDENTITY = "iPhone Developer";
				COPY_PHASE_STRIP = NO;
				DEBUG_INFORMATION_FORMAT = "dwarf-with-dsym";
				ENABLE_NS_ASSERTIONS = NO;
				ENABLE_STRICT_OBJC_MSGSEND = YES;
				GCC_C_LANGUAGE_STANDARD = gnu11;
				GCC_NO_COMMON_BLOCKS = YES;
				GCC_WARN_64_TO_32_BIT_CONVERSION = YES;
				GCC_WARN_ABOUT_RETURN_TYPE = YES_ERROR;
				GCC_WARN_UNDECLARED_SELECTOR = YES;
				GCC_WARN_UNINITIALIZED_AUTOS = YES_AGGRESSIVE;
				GCC_WARN_UNUSED_FUNCTION = YES;
				GCC_WARN_UNUSED_VARIABLE = YES;
				IPHONEOS_DEPLOYMENT_TARGET = 12.0;
				MTL_ENABLE_DEBUG_INFO = NO;
				MTL_FAST_MATH = YES;
				SDKROOT = iphoneos;
				SWIFT_COMPILATION_MODE = wholemodule;
				SWIFT_OPTIMIZATION_LEVEL = "-O";
				VALIDATE_PRODUCT = YES;
			};
			name = Release;
		};
		75F3476F219F9BEA0032CA10 /* Debug */ = {
			isa = XCBuildConfiguration;
			baseConfigurationReference = 857CE4E6AAC935E060BD5B94 /* Pods-BEER.debug.xcconfig */;
			buildSettings = {
				ASSETCATALOG_COMPILER_APPICON_NAME = AppIcon;
				CODE_SIGN_STYLE = Automatic;
				INFOPLIST_FILE = BEER/Info.plist;
				LD_RUNPATH_SEARCH_PATHS = (
					"$(inherited)",
					"@executable_path/Frameworks",
				);
				PRODUCT_BUNDLE_IDENTIFIER = zzp.com.BEER;
				PRODUCT_NAME = "$(TARGET_NAME)";
				SWIFT_VERSION = 4.2;
				TARGETED_DEVICE_FAMILY = "1,2";
			};
			name = Debug;
		};
		75F34770219F9BEA0032CA10 /* Release */ = {
			isa = XCBuildConfiguration;
			baseConfigurationReference = 0E94E1DBCE9D5572BE149755 /* Pods-BEER.release.xcconfig */;
			buildSettings = {
				ASSETCATALOG_COMPILER_APPICON_NAME = AppIcon;
				CODE_SIGN_STYLE = Automatic;
				INFOPLIST_FILE = BEER/Info.plist;
				LD_RUNPATH_SEARCH_PATHS = (
					"$(inherited)",
					"@executable_path/Frameworks",
				);
				PRODUCT_BUNDLE_IDENTIFIER = zzp.com.BEER;
				PRODUCT_NAME = "$(TARGET_NAME)";
				SWIFT_VERSION = 4.2;
				TARGETED_DEVICE_FAMILY = "1,2";
			};
			name = Release;
		};
/* End XCBuildConfiguration section */

/* Begin XCConfigurationList section */
		75F34757219F9BE90032CA10 /* Build configuration list for PBXProject "BEER" */ = {
			isa = XCConfigurationList;
			buildConfigurations = (
				75F3476C219F9BEA0032CA10 /* Debug */,
				75F3476D219F9BEA0032CA10 /* Release */,
			);
			defaultConfigurationIsVisible = 0;
			defaultConfigurationName = Release;
		};
		75F3476E219F9BEA0032CA10 /* Build configuration list for PBXNativeTarget "BEER" */ = {
			isa = XCConfigurationList;
			buildConfigurations = (
				75F3476F219F9BEA0032CA10 /* Debug */,
				75F34770219F9BEA0032CA10 /* Release */,
			);
			defaultConfigurationIsVisible = 0;
			defaultConfigurationName = Release;
		};
/* End XCConfigurationList section */
	};
	rootObject = 75F34754219F9BE90032CA10 /* Project object */;
}
